
Microsoft Visual Studio Solution File, Format Version 12.00
# Visual Studio Version 17
VisualStudioVersion = 17.13.35825.156 d17.13
MinimumVisualStudioVersion = 10.0.40219.1
Project("{FAE04EC0-301F-11D3-BF4B-00C04F79EFBC}") = "API_client", "API_client.csproj", "{D7AD185A-DBD0-49EC-A403-2CC7D65FA05E}"
EndProject
Global
	GlobalSection(SolutionConfigurationPlatforms) = preSolution
		Debug|Any CPU = Debug|Any CPU
		Release|Any CPU = Release|Any CPU
	EndGlobalSection
	GlobalSection(ProjectConfigurationPlatforms) = postSolution
		{D7AD185A-DBD0-49EC-A403-2CC7D65FA05E}.Debug|Any CPU.ActiveCfg = Debug|Any CPU
		{D7AD185A-DBD0-49EC-A403-2CC7D65FA05E}.Debug|Any CPU.Build.0 = Debug|Any CPU
		{D7AD185A-DBD0-49EC-A403-2CC7D65FA05E}.Release|Any CPU.ActiveCfg = Release|Any CPU
		{D7AD185A-DBD0-49EC-A403-2CC7D65FA05E}.Release|Any CPU.Build.0 = Release|Any CPU
	EndGlobalSection
	GlobalSection(SolutionProperties) = preSolution
		HideSolutionNode = FALSE
	EndGlobalSection
	GlobalSection(ExtensibilityGlobals) = postSolution
		SolutionGuid = {602E7D97-1D3C-4CE5-AAB9-18E97E9086F1}
	EndGlobalSection
EndGlobal
