
Microsoft Visual Studio Solution File, Format Version 12.00
# Visual Studio Version 17
VisualStudioVersion = 17.13.35825.156 d17.13
MinimumVisualStudioVersion = 10.0.40219.1
Project("{FAE04EC0-301F-11D3-BF4B-00C04F79EFBC}") = "Task_1", "Task_1.csproj", "{267ADB37-2682-4FD9-A7FC-E70D66587816}"
EndProject
Global
	GlobalSection(SolutionConfigurationPlatforms) = preSolution
		Debug|Any CPU = Debug|Any CPU
		Release|Any CPU = Release|Any CPU
	EndGlobalSection
	GlobalSection(ProjectConfigurationPlatforms) = postSolution
		{267ADB37-2682-4FD9-A7FC-E70D66587816}.Debug|Any CPU.ActiveCfg = Debug|Any CPU
		{267ADB37-2682-4FD9-A7FC-E70D66587816}.Debug|Any CPU.Build.0 = Debug|Any CPU
		{267ADB37-2682-4FD9-A7FC-E70D66587816}.Release|Any CPU.ActiveCfg = Release|Any CPU
		{267ADB37-2682-4FD9-A7FC-E70D66587816}.Release|Any CPU.Build.0 = Release|Any CPU
	EndGlobalSection
	GlobalSection(SolutionProperties) = preSolution
		HideSolutionNode = FALSE
	EndGlobalSection
	GlobalSection(ExtensibilityGlobals) = postSolution
		SolutionGuid = {799292A1-F693-43E0-80CB-CB1636B13BC6}
	EndGlobalSection
EndGlobal
